
Microsoft Visual Studio Solution File, Format Version 12.00
# Visual Studio Version 17
VisualStudioVersion = 17.11.35312.102
MinimumVisualStudioVersion = 10.0.40219.1
Project("{9A19103F-16F7-4668-BE54-9A1E7A4F7556}") = "K5E Memory Map", "K5E Memory Map\K5E Memory Map.csproj", "{55827215-D3D1-42BB-82F4-3E7F723436CC}"
EndProject
Project("{2150E333-8FDC-42A3-9474-1A3956D46DE8}") = "Engine", "Engine", "{02EA681E-C7D8-13C7-8484-4AC65E1B71E8}"
EndProject
Project("{2150E333-8FDC-42A3-9474-1A3956D46DE8}") = "K5E Memory Map", "K5E Memory Map", "{8E403FD1-0C02-49CD-B4E5-813E5DBCC7EC}"
EndProject
Project("{FAE04EC0-301F-11D3-BF4B-00C04F79EFBC}") = "SFACore.Engine.Memory", "SFACore.Engine.Memory\SFACore.Engine.Memory.csproj", "{31A2B998-0CF8-9536-C035-08219C02E93C}"
EndProject
Project("{FAE04EC0-301F-11D3-BF4B-00C04F79EFBC}") = "SFACore.Engine.Processes", "SFACore.Engine.Processes\SFACore.Engine.Processes.csproj", "{BD1ABEAA-C055-FE16-A0DB-B9961A1B938C}"
EndProject
Project("{FAE04EC0-301F-11D3-BF4B-00C04F79EFBC}") = "SFACore.Engine.Scanning", "SFACore.Engine.Scanning\SFACore.Engine.Scanning.csproj", "{08147246-ECEC-5256-8BA0-4F12D6E38810}"
EndProject
Project("{FAE04EC0-301F-11D3-BF4B-00C04F79EFBC}") = "SFACore.Engine.Common", "SFACore.Engine.Utils\SFACore.Engine.Common.csproj", "{BE649546-4C68-C336-E13B-ADFC74871D0A}"
EndProject
Project("{FAE04EC0-301F-11D3-BF4B-00C04F79EFBC}") = "SFACore.Engine", "SFACore.Engine\SFACore.Engine.csproj", "{B28373F9-BA47-D0C2-0F8A-FD722FB34D3B}"
EndProject
Global
	GlobalSection(SolutionConfigurationPlatforms) = preSolution
		Debug|Any CPU = Debug|Any CPU
		Release|Any CPU = Release|Any CPU
	EndGlobalSection
	GlobalSection(ProjectConfigurationPlatforms) = postSolution
		{55827215-D3D1-42BB-82F4-3E7F723436CC}.Debug|Any CPU.ActiveCfg = Debug|Any CPU
		{55827215-D3D1-42BB-82F4-3E7F723436CC}.Debug|Any CPU.Build.0 = Debug|Any CPU
		{55827215-D3D1-42BB-82F4-3E7F723436CC}.Release|Any CPU.ActiveCfg = Release|Any CPU
		{55827215-D3D1-42BB-82F4-3E7F723436CC}.Release|Any CPU.Build.0 = Release|Any CPU
		{31A2B998-0CF8-9536-C035-08219C02E93C}.Debug|Any CPU.ActiveCfg = Debug|Any CPU
		{31A2B998-0CF8-9536-C035-08219C02E93C}.Debug|Any CPU.Build.0 = Debug|Any CPU
		{31A2B998-0CF8-9536-C035-08219C02E93C}.Release|Any CPU.ActiveCfg = Release|Any CPU
		{31A2B998-0CF8-9536-C035-08219C02E93C}.Release|Any CPU.Build.0 = Release|Any CPU
		{BD1ABEAA-C055-FE16-A0DB-B9961A1B938C}.Debug|Any CPU.ActiveCfg = Debug|Any CPU
		{BD1ABEAA-C055-FE16-A0DB-B9961A1B938C}.Debug|Any CPU.Build.0 = Debug|Any CPU
		{BD1ABEAA-C055-FE16-A0DB-B9961A1B938C}.Release|Any CPU.ActiveCfg = Release|Any CPU
		{BD1ABEAA-C055-FE16-A0DB-B9961A1B938C}.Release|Any CPU.Build.0 = Release|Any CPU
		{08147246-ECEC-5256-8BA0-4F12D6E38810}.Debug|Any CPU.ActiveCfg = Debug|Any CPU
		{08147246-ECEC-5256-8BA0-4F12D6E38810}.Debug|Any CPU.Build.0 = Debug|Any CPU
		{08147246-ECEC-5256-8BA0-4F12D6E38810}.Release|Any CPU.ActiveCfg = Release|Any CPU
		{08147246-ECEC-5256-8BA0-4F12D6E38810}.Release|Any CPU.Build.0 = Release|Any CPU
		{BE649546-4C68-C336-E13B-ADFC74871D0A}.Debug|Any CPU.ActiveCfg = Debug|Any CPU
		{BE649546-4C68-C336-E13B-ADFC74871D0A}.Debug|Any CPU.Build.0 = Debug|Any CPU
		{BE649546-4C68-C336-E13B-ADFC74871D0A}.Release|Any CPU.ActiveCfg = Release|Any CPU
		{BE649546-4C68-C336-E13B-ADFC74871D0A}.Release|Any CPU.Build.0 = Release|Any CPU
		{B28373F9-BA47-D0C2-0F8A-FD722FB34D3B}.Debug|Any CPU.ActiveCfg = Debug|Any CPU
		{B28373F9-BA47-D0C2-0F8A-FD722FB34D3B}.Debug|Any CPU.Build.0 = Debug|Any CPU
		{B28373F9-BA47-D0C2-0F8A-FD722FB34D3B}.Release|Any CPU.ActiveCfg = Release|Any CPU
		{B28373F9-BA47-D0C2-0F8A-FD722FB34D3B}.Release|Any CPU.Build.0 = Release|Any CPU
	EndGlobalSection
	GlobalSection(SolutionProperties) = preSolution
		HideSolutionNode = FALSE
	EndGlobalSection
	GlobalSection(NestedProjects) = preSolution
		{55827215-D3D1-42BB-82F4-3E7F723436CC} = {8E403FD1-0C02-49CD-B4E5-813E5DBCC7EC}
		{31A2B998-0CF8-9536-C035-08219C02E93C} = {02EA681E-C7D8-13C7-8484-4AC65E1B71E8}
		{BD1ABEAA-C055-FE16-A0DB-B9961A1B938C} = {02EA681E-C7D8-13C7-8484-4AC65E1B71E8}
		{08147246-ECEC-5256-8BA0-4F12D6E38810} = {02EA681E-C7D8-13C7-8484-4AC65E1B71E8}
		{BE649546-4C68-C336-E13B-ADFC74871D0A} = {02EA681E-C7D8-13C7-8484-4AC65E1B71E8}
		{B28373F9-BA47-D0C2-0F8A-FD722FB34D3B} = {02EA681E-C7D8-13C7-8484-4AC65E1B71E8}
	EndGlobalSection
	GlobalSection(ExtensibilityGlobals) = postSolution
		SolutionGuid = {94DD46A3-D89A-46B2-82AC-A11A3501DF8C}
	EndGlobalSection
EndGlobal
